# This file is autogenerated, do not edit; changes may be undone by the next 'dep ensure'.


[[projects]]
  name = "github.com/c-bata/go-prompt"
  packages = ["."]
  revision = "e99fbc797b795e0a7a94affc8d44f6a0350d85f0"
  version = "v0.2.1"

[[projects]]
  branch = "master"
  name = "github.com/kaleocheng/sshconfig"
  packages = ["."]
  revision = "c388249f186597430377fbe2c3c1e981406e8f39"

[[projects]]
  name = "github.com/mattn/go-colorable"
  packages = ["."]
  revision = "167de6bfdfba052fa6b2d3664c8f5272e23c9072"
  version = "v0.0.9"

[[projects]]
  name = "github.com/mattn/go-isatty"
  packages = ["."]
  revision = "0360b2af4f38e8d38c7fce2a9f4e702702d73a39"
  version = "v0.0.3"

[[projects]]
  branch = "master"
  name = "github.com/mattn/go-tty"
  packages = ["."]
  revision = "931426f7535ac39720c8909d70ece5a41a2502a6"

[[projects]]
  branch = "master"
  name = "github.com/mitchellh/go-homedir"
  packages = ["."]
  revision = "b8bc1bf767474819792c23f32d8286a45736f1c6"

[[projects]]
  branch = "master"
  name = "github.com/pkg/term"
  packages = ["termios"]
  revision = "b1f72af2d63057363398bec5873d16a98b453312"

[[projects]]
  branch = "master"
  name = "golang.org/x/sys"
  packages = ["unix"]
  revision = "2281fa97ef7b0c26324634d5a22f04babdac8713"

[solve-meta]
  analyzer-name = "dep"
  analyzer-version = 1
  inputs-digest = "3a2ec6fdab5a2fc02a4acdcf44d89527612c18cd27ed750a19da28ecff888f6c"
  solver-name = "gps-cdcl"
  solver-version = 1
